
Microsoft Visual Studio Solution File, Format Version 12.00
# Visual Studio Version 16
VisualStudioVersion = 16.0.29418.71
MinimumVisualStudioVersion = 10.0.40219.1
Project("{FAE04EC0-301F-11D3-BF4B-00C04F79EFBC}") = "MCWrapper.Tests", "MCWrapper.Tests\MCWrapper.Tests.csproj", "{E1111F10-7851-428D-A432-B6D5D738B397}"
EndProject
Global
	GlobalSection(SolutionConfigurationPlatforms) = preSolution
		Debug|Any CPU = Debug|Any CPU
		Release|Any CPU = Release|Any CPU
	EndGlobalSection
	GlobalSection(ProjectConfigurationPlatforms) = postSolution
		{E1111F10-7851-428D-A432-B6D5D738B397}.Debug|Any CPU.ActiveCfg = Debug|Any CPU
		{E1111F10-7851-428D-A432-B6D5D738B397}.Debug|Any CPU.Build.0 = Debug|Any CPU
		{E1111F10-7851-428D-A432-B6D5D738B397}.Release|Any CPU.ActiveCfg = Release|Any CPU
		{E1111F10-7851-428D-A432-B6D5D738B397}.Release|Any CPU.Build.0 = Release|Any CPU
	EndGlobalSection
	GlobalSection(SolutionProperties) = preSolution
		HideSolutionNode = FALSE
	EndGlobalSection
	GlobalSection(ExtensibilityGlobals) = postSolution
		SolutionGuid = {C591392A-772D-4295-8757-37BA77674A07}
	EndGlobalSection
EndGlobal
